
Microsoft Visual Studio Solution File, Format Version 12.00
# Visual Studio Version 17
VisualStudioVersion = 17.9.34616.47
MinimumVisualStudioVersion = 10.0.40219.1
Project("{9A19103F-16F7-4668-BE54-9A1E7A4F7556}") = "OneStreamSample", "OneStreamSample\OneStreamSample.csproj", "{1088E560-C4C1-46AA-B030-3B3A55FD4D5A}"
EndProject
Project("{9A19103F-16F7-4668-BE54-9A1E7A4F7556}") = "OneStreamSample.Client", "OneStreamSample.Client\OneStreamSample.Client.csproj", "{005E4830-AEC5-4CF4-8AEF-ECF714D6DFA7}"
EndProject
Project("{FAE04EC0-301F-11D3-BF4B-00C04F79EFBC}") = "OneStreamSample.Shared", "OneStreamSample.Shared\OneStreamSample.Shared.csproj", "{57AB2BAB-84E4-49BE-92DF-AA01FDF67BE7}"
EndProject
Project("{FAE04EC0-301F-11D3-BF4B-00C04F79EFBC}") = "OtherWebAPI", "OtherWebAPI\OtherWebAPI.csproj", "{8660B3B7-97CE-4B38-98F1-17D02AB37E2E}"
EndProject
Project("{FAE04EC0-301F-11D3-BF4B-00C04F79EFBC}") = "ExtraWebAPI", "ExtraWebAPI\ExtraWebAPI.csproj", "{E3DFFFE7-81E8-4A75-91EE-7367FAEB5EBB}"
EndProject
Project("{2150E333-8FDC-42A3-9474-1A3956D46DE8}") = "WebAPI", "WebAPI", "{BCF5B159-881D-461C-A314-11F977E936AF}"
EndProject
Project("{2150E333-8FDC-42A3-9474-1A3956D46DE8}") = "UI", "UI", "{997E6C77-985B-4E2F-B82E-3D05CDBEF220}"
EndProject
Project("{2150E333-8FDC-42A3-9474-1A3956D46DE8}") = "Core", "Core", "{6C7B37B0-6456-4E6A-870E-14A5CD6ADF7C}"
EndProject
Project("{2150E333-8FDC-42A3-9474-1A3956D46DE8}") = "Tests", "Tests", "{C73EE3A3-ADEA-48FA-A470-080DE54A577D}"
EndProject
Project("{2150E333-8FDC-42A3-9474-1A3956D46DE8}") = "Tests", "Tests", "{D753B2FA-29E6-43C3-AEDA-C17155DF3A08}"
EndProject
Project("{FAE04EC0-301F-11D3-BF4B-00C04F79EFBC}") = "OneStreamSample.Core", "OneStreamSample.Core\OneStreamSample.Core.csproj", "{37A866F5-7CB2-49C7-A53C-ACDF245E9DA2}"
EndProject
Project("{FAE04EC0-301F-11D3-BF4B-00C04F79EFBC}") = "ExtraWebAPI.Tests", "ExtraWebAPI.Tests\ExtraWebAPI.Tests.csproj", "{A5393FC4-8E47-4578-BCA3-38FB18AF57AF}"
EndProject
Project("{FAE04EC0-301F-11D3-BF4B-00C04F79EFBC}") = "OtherWebAPI.Tests", "OtherWebAPI.Tests\OtherWebAPI.Tests.csproj", "{B28F7905-6B04-4B41-B6FD-C8F063E38C9F}"
EndProject
Project("{FAE04EC0-301F-11D3-BF4B-00C04F79EFBC}") = "OneStreamSample.Tests", "OneStreamSample.Tests\OneStreamSample.Tests.csproj", "{76D8C2AC-9CA7-407C-937E-2E9311EF760E}"
EndProject
Project("{FAE04EC0-301F-11D3-BF4B-00C04F79EFBC}") = "OneStreamSample.Client.Tests", "OneStreamSample.Client.Tests\OneStreamSample.Client.Tests.csproj", "{4FC60519-BE93-4F59-9B63-E3224D3AF6A1}"
EndProject
Global
	GlobalSection(SolutionConfigurationPlatforms) = preSolution
		Debug|Any CPU = Debug|Any CPU
		Release|Any CPU = Release|Any CPU
	EndGlobalSection
	GlobalSection(ProjectConfigurationPlatforms) = postSolution
		{1088E560-C4C1-46AA-B030-3B3A55FD4D5A}.Debug|Any CPU.ActiveCfg = Debug|Any CPU
		{1088E560-C4C1-46AA-B030-3B3A55FD4D5A}.Debug|Any CPU.Build.0 = Debug|Any CPU
		{1088E560-C4C1-46AA-B030-3B3A55FD4D5A}.Release|Any CPU.ActiveCfg = Release|Any CPU
		{1088E560-C4C1-46AA-B030-3B3A55FD4D5A}.Release|Any CPU.Build.0 = Release|Any CPU
		{005E4830-AEC5-4CF4-8AEF-ECF714D6DFA7}.Debug|Any CPU.ActiveCfg = Debug|Any CPU
		{005E4830-AEC5-4CF4-8AEF-ECF714D6DFA7}.Debug|Any CPU.Build.0 = Debug|Any CPU
		{005E4830-AEC5-4CF4-8AEF-ECF714D6DFA7}.Release|Any CPU.ActiveCfg = Release|Any CPU
		{005E4830-AEC5-4CF4-8AEF-ECF714D6DFA7}.Release|Any CPU.Build.0 = Release|Any CPU
		{57AB2BAB-84E4-49BE-92DF-AA01FDF67BE7}.Debug|Any CPU.ActiveCfg = Debug|Any CPU
		{57AB2BAB-84E4-49BE-92DF-AA01FDF67BE7}.Debug|Any CPU.Build.0 = Debug|Any CPU
		{57AB2BAB-84E4-49BE-92DF-AA01FDF67BE7}.Release|Any CPU.ActiveCfg = Release|Any CPU
		{57AB2BAB-84E4-49BE-92DF-AA01FDF67BE7}.Release|Any CPU.Build.0 = Release|Any CPU
		{8660B3B7-97CE-4B38-98F1-17D02AB37E2E}.Debug|Any CPU.ActiveCfg = Debug|Any CPU
		{8660B3B7-97CE-4B38-98F1-17D02AB37E2E}.Debug|Any CPU.Build.0 = Debug|Any CPU
		{8660B3B7-97CE-4B38-98F1-17D02AB37E2E}.Release|Any CPU.ActiveCfg = Release|Any CPU
		{8660B3B7-97CE-4B38-98F1-17D02AB37E2E}.Release|Any CPU.Build.0 = Release|Any CPU
		{E3DFFFE7-81E8-4A75-91EE-7367FAEB5EBB}.Debug|Any CPU.ActiveCfg = Debug|Any CPU
		{E3DFFFE7-81E8-4A75-91EE-7367FAEB5EBB}.Debug|Any CPU.Build.0 = Debug|Any CPU
		{E3DFFFE7-81E8-4A75-91EE-7367FAEB5EBB}.Release|Any CPU.ActiveCfg = Release|Any CPU
		{E3DFFFE7-81E8-4A75-91EE-7367FAEB5EBB}.Release|Any CPU.Build.0 = Release|Any CPU
		{37A866F5-7CB2-49C7-A53C-ACDF245E9DA2}.Debug|Any CPU.ActiveCfg = Debug|Any CPU
		{37A866F5-7CB2-49C7-A53C-ACDF245E9DA2}.Debug|Any CPU.Build.0 = Debug|Any CPU
		{37A866F5-7CB2-49C7-A53C-ACDF245E9DA2}.Release|Any CPU.ActiveCfg = Release|Any CPU
		{37A866F5-7CB2-49C7-A53C-ACDF245E9DA2}.Release|Any CPU.Build.0 = Release|Any CPU
		{A5393FC4-8E47-4578-BCA3-38FB18AF57AF}.Debug|Any CPU.ActiveCfg = Debug|Any CPU
		{A5393FC4-8E47-4578-BCA3-38FB18AF57AF}.Debug|Any CPU.Build.0 = Debug|Any CPU
		{A5393FC4-8E47-4578-BCA3-38FB18AF57AF}.Release|Any CPU.ActiveCfg = Release|Any CPU
		{A5393FC4-8E47-4578-BCA3-38FB18AF57AF}.Release|Any CPU.Build.0 = Release|Any CPU
		{B28F7905-6B04-4B41-B6FD-C8F063E38C9F}.Debug|Any CPU.ActiveCfg = Debug|Any CPU
		{B28F7905-6B04-4B41-B6FD-C8F063E38C9F}.Debug|Any CPU.Build.0 = Debug|Any CPU
		{B28F7905-6B04-4B41-B6FD-C8F063E38C9F}.Release|Any CPU.ActiveCfg = Release|Any CPU
		{B28F7905-6B04-4B41-B6FD-C8F063E38C9F}.Release|Any CPU.Build.0 = Release|Any CPU
		{76D8C2AC-9CA7-407C-937E-2E9311EF760E}.Debug|Any CPU.ActiveCfg = Debug|Any CPU
		{76D8C2AC-9CA7-407C-937E-2E9311EF760E}.Debug|Any CPU.Build.0 = Debug|Any CPU
		{76D8C2AC-9CA7-407C-937E-2E9311EF760E}.Release|Any CPU.ActiveCfg = Release|Any CPU
		{76D8C2AC-9CA7-407C-937E-2E9311EF760E}.Release|Any CPU.Build.0 = Release|Any CPU
		{4FC60519-BE93-4F59-9B63-E3224D3AF6A1}.Debug|Any CPU.ActiveCfg = Debug|Any CPU
		{4FC60519-BE93-4F59-9B63-E3224D3AF6A1}.Debug|Any CPU.Build.0 = Debug|Any CPU
		{4FC60519-BE93-4F59-9B63-E3224D3AF6A1}.Release|Any CPU.ActiveCfg = Release|Any CPU
		{4FC60519-BE93-4F59-9B63-E3224D3AF6A1}.Release|Any CPU.Build.0 = Release|Any CPU
	EndGlobalSection
	GlobalSection(SolutionProperties) = preSolution
		HideSolutionNode = FALSE
	EndGlobalSection
	GlobalSection(NestedProjects) = preSolution
		{1088E560-C4C1-46AA-B030-3B3A55FD4D5A} = {997E6C77-985B-4E2F-B82E-3D05CDBEF220}
		{005E4830-AEC5-4CF4-8AEF-ECF714D6DFA7} = {997E6C77-985B-4E2F-B82E-3D05CDBEF220}
		{57AB2BAB-84E4-49BE-92DF-AA01FDF67BE7} = {6C7B37B0-6456-4E6A-870E-14A5CD6ADF7C}
		{8660B3B7-97CE-4B38-98F1-17D02AB37E2E} = {BCF5B159-881D-461C-A314-11F977E936AF}
		{E3DFFFE7-81E8-4A75-91EE-7367FAEB5EBB} = {BCF5B159-881D-461C-A314-11F977E936AF}
		{C73EE3A3-ADEA-48FA-A470-080DE54A577D} = {997E6C77-985B-4E2F-B82E-3D05CDBEF220}
		{D753B2FA-29E6-43C3-AEDA-C17155DF3A08} = {BCF5B159-881D-461C-A314-11F977E936AF}
		{37A866F5-7CB2-49C7-A53C-ACDF245E9DA2} = {6C7B37B0-6456-4E6A-870E-14A5CD6ADF7C}
		{A5393FC4-8E47-4578-BCA3-38FB18AF57AF} = {D753B2FA-29E6-43C3-AEDA-C17155DF3A08}
		{B28F7905-6B04-4B41-B6FD-C8F063E38C9F} = {D753B2FA-29E6-43C3-AEDA-C17155DF3A08}
		{76D8C2AC-9CA7-407C-937E-2E9311EF760E} = {C73EE3A3-ADEA-48FA-A470-080DE54A577D}
		{4FC60519-BE93-4F59-9B63-E3224D3AF6A1} = {C73EE3A3-ADEA-48FA-A470-080DE54A577D}
	EndGlobalSection
	GlobalSection(ExtensibilityGlobals) = postSolution
		SolutionGuid = {850A8F0C-B7D7-4097-86B6-102844EEB9AC}
	EndGlobalSection
EndGlobal
